PODS:
  - LatLongToTimezone (1.1.2)
  - WXKDarkSky (2.2.0)

DEPENDENCIES:
  - LatLongToTimezone
  - WXKDarkSky (~> 2.2.0)

SPEC REPOS:
  https://github.com/cocoapods/specs.git:
    - LatLongToTimezone
    - WXKDarkSky

SPEC CHECKSUMS:
  LatLongToTimezone: efd39e80e92c4cd3aefb597a2fd16f177a4742b5
  WXKDarkSky: d532c1fc3b3071fd7136c1ae3c78dc23e50a78f9

PODFILE CHECKSUM: 0e174ed6ca7216409cc18e83f39ede2cb47404dc

COCOAPODS: 1.6.0.beta.1
